github.com/gravitton/assert v0.5.0 h1:7HW4+nagmtDEI7ZMBjeZo/sBJTNnxtWGoVw/Vxe1VUU=
github.com/gravitton/assert v0.5.0/go.mod h1:wQGHJvwsxQQ7qdX++NLofrI2cJvYIdJJtAo7A15qcAY=
github.com/gravitton/geometry v0.3.0 h1:uWMgSGdqAGLeJiY4MbuKyI/TIJ5HRVdXr64JfVocO/Q=
github.com/gravitton/geometry v0.3.0/go.mod h1:u4akaijh6xL5FTG49tC14iYuJl9UhkLlFMqgrjbSEyw=
